// !$*UTF8*$!
{
	archiveVersion = 1;
	classes = {
	};
	objectVersion = 55;
	objects = {

/* Begin PBXBuildFile section */
		9ADF677228A4EBB000A1A33C /* Sidebar.swift in Sources */ = {isa = PBXBuildFile; fileRef = 9ADF677128A4EBB000A1A33C /* Sidebar.swift */; };
		9ADF677928A52CD000A1A33C /* ColorExtension.swift in Sources */ = {isa = PBXBuildFile; fileRef = 9ADF677828A52CD000A1A33C /* ColorExtension.swift */; };
		9AFA920B289BBF1300DCC63F /* BestNews_SwiftUIApp.swift in Sources */ = {isa = PBXBuildFile; fileRef = 9AFA920A289BBF1300DCC63F /* BestNews_SwiftUIApp.swift */; };
		9AFA920D289BBF1300DCC63F /* ContentView.swift in Sources */ = {isa = PBXBuildFile; fileRef = 9AFA920C289BBF1300DCC63F /* ContentView.swift */; };
		9AFA920F289BBF1500DCC63F /* Assets.xcassets in Resources */ = {isa = PBXBuildFile; fileRef = 9AFA920E289BBF1500DCC63F /* Assets.xcassets */; };
		9AFA9212289BBF1500DCC63F /* Preview Assets.xcassets in Resources */ = {isa = PBXBuildFile; fileRef = 9AFA9211289BBF1500DCC63F /* Preview Assets.xcassets */; };
		9AFA921B289BD6B300DCC63F /* LaunchScreen.storyboard in Resources */ = {isa = PBXBuildFile; fileRef = 9AFA921A289BD6B300DCC63F /* LaunchScreen.storyboard */; };
		9AFA9224289BDAFA00DCC63F /* Alamofire in Frameworks */ = {isa = PBXBuildFile; productRef = 9AFA9223289BDAFA00DCC63F /* Alamofire */; };
		AD64FC3DD04EFA31F8EF8A89 /* Pods_BestNews_SwiftUI.framework in Frameworks */ = {isa = PBXBuildFile; fileRef = 1D2CBE26E704DA09826405D1 /* Pods_BestNews_SwiftUI.framework */; };
/* End PBXBuildFile section */

/* Begin PBXFileReference section */
		1D2CBE26E704DA09826405D1 /* Pods_BestNews_SwiftUI.framework */ = {isa = PBXFileReference; explicitFileType = wrapper.framework; includeInIndex = 0; path = Pods_BestNews_SwiftUI.framework; sourceTree = BUILT_PRODUCTS_DIR; };
		969D42CAF8D0DDA6F8DBA1C6 /* Pods-BestNews-SwiftUI.release.xcconfig */ = {isa = PBXFileReference; includeInIndex = 1; lastKnownFileType = text.xcconfig; name = "Pods-BestNews-SwiftUI.release.xcconfig"; path = "Target Support Files/Pods-BestNews-SwiftUI/Pods-BestNews-SwiftUI.release.xcconfig"; sourceTree = "<group>"; };
		9ADF677128A4EBB000A1A33C /* Sidebar.swift */ = {isa = PBXFileReference; lastKnownFileType = sourcecode.swift; path = Sidebar.swift; sourceTree = "<group>"; };
		9ADF677828A52CD000A1A33C /* ColorExtension.swift */ = {isa = PBXFileReference; lastKnownFileType = sourcecode.swift; path = ColorExtension.swift; sourceTree = "<group>"; };
		9AFA9207289BBF1300DCC63F /* BestNews-SwiftUI.app */ = {isa = PBXFileReference; explicitFileType = wrapper.application; includeInIndex = 0; path = "BestNews-SwiftUI.app"; sourceTree = BUILT_PRODUCTS_DIR; };
		9AFA920A289BBF1300DCC63F /* BestNews_SwiftUIApp.swift */ = {isa = PBXFileReference; lastKnownFileType = sourcecode.swift; path = BestNews_SwiftUIApp.swift; sourceTree = "<group>"; };
		9AFA920C289BBF1300DCC63F /* ContentView.swift */ = {isa = PBXFileReference; lastKnownFileType = sourcecode.swift; path = ContentView.swift; sourceTree = "<group>"; };
		9AFA920E289BBF1500DCC63F /* Assets.xcassets */ = {isa = PBXFileReference; lastKnownFileType = folder.assetcatalog; path = Assets.xcassets; sourceTree = "<group>"; };
		9AFA9211289BBF1500DCC63F /* Preview Assets.xcassets */ = {isa = PBXFileReference; lastKnownFileType = folder.assetcatalog; path = "Preview Assets.xcassets"; sourceTree = "<group>"; };
		9AFA921A289BD6B300DCC63F /* LaunchScreen.storyboard */ = {isa = PBXFileReference; lastKnownFileType = file.storyboard; path = LaunchScreen.storyboard; sourceTree = "<group>"; };
		E8E692E20CCB891000A8C889 /* Pods-BestNews-SwiftUI.debug.xcconfig */ = {isa = PBXFileReference; includeInIndex = 1; lastKnownFileType = text.xcconfig; name = "Pods-BestNews-SwiftUI.debug.xcconfig"; path = "Target Support Files/Pods-BestNews-SwiftUI/Pods-BestNews-SwiftUI.debug.xcconfig"; sourceTree = "<group>"; };
/* End PBXFileReference section */

/* Begin PBXFrameworksBuildPhase section */
		9AFA9204289BBF1300DCC63F /* Frameworks */ = {
			isa = PBXFrameworksBuildPhase;
			buildActionMask = 2147483647;
			files = (
				9AFA9224289BDAFA00DCC63F /* Alamofire in Frameworks */,
				AD64FC3DD04EFA31F8EF8A89 /* Pods_BestNews_SwiftUI.framework in Frameworks */,
			);
			runOnlyForDeploymentPostprocessing = 0;
		};
/* End PBXFrameworksBuildPhase section */

/* Begin PBXGroup section */
		309DD67A83CFA4F5FBE6D1D8 /* Pods */ = {
			isa = PBXGroup;
			children = (
				E8E692E20CCB891000A8C889 /* Pods-BestNews-SwiftUI.debug.xcconfig */,
				969D42CAF8D0DDA6F8DBA1C6 /* Pods-BestNews-SwiftUI.release.xcconfig */,
			);
			path = Pods;
			sourceTree = "<group>";
		};
		9ADF677628A52CBF00A1A33C /* View */ = {
			isa = PBXGroup;
			children = (
				9ADF677728A52CC400A1A33C /* Extensions */,
			);
			path = View;
			sourceTree = "<group>";
		};
		9ADF677728A52CC400A1A33C /* Extensions */ = {
			isa = PBXGroup;
			children = (
				9ADF677828A52CD000A1A33C /* ColorExtension.swift */,
			);
			path = Extensions;
			sourceTree = "<group>";
		};
		9AFA91FE289BBF1300DCC63F = {
			isa = PBXGroup;
			children = (
				9AFA9209289BBF1300DCC63F /* BestNews-SwiftUI */,
				9AFA9208289BBF1300DCC63F /* Products */,
				309DD67A83CFA4F5FBE6D1D8 /* Pods */,
				B992D073792FCFCE6138BD9A /* Frameworks */,
			);
			sourceTree = "<group>";
		};
		9AFA9208289BBF1300DCC63F /* Products */ = {
			isa = PBXGroup;
			children = (
				9AFA9207289BBF1300DCC63F /* BestNews-SwiftUI.app */,
			);
			name = Products;
			sourceTree = "<group>";
		};
		9AFA9209289BBF1300DCC63F /* BestNews-SwiftUI */ = {
			isa = PBXGroup;
			children = (
				9AFA921C289BD9B800DCC63F /* App */,
				9AFA9220289BDA0900DCC63F /* Support */,
				9AFA921F289BD9FC00DCC63F /* Resources */,
				9AFA921E289BD9D200DCC63F /* Utilities */,
				9AFA921D289BD9BF00DCC63F /* Network */,
				9AFA9210289BBF1500DCC63F /* Preview Content */,
			);
			path = "BestNews-SwiftUI";
			sourceTree = "<group>";
		};
		9AFA9210289BBF1500DCC63F /* Preview Content */ = {
			isa = PBXGroup;
			children = (
				9AFA9211289BBF1500DCC63F /* Preview Assets.xcassets */,
			);
			path = "Preview Content";
			sourceTree = "<group>";
		};
		9AFA9219289BD68F00DCC63F /* Storyboard */ = {
			isa = PBXGroup;
			children = (
				9AFA921A289BD6B300DCC63F /* LaunchScreen.storyboard */,
			);
			path = Storyboard;
			sourceTree = "<group>";
		};
		9AFA921C289BD9B800DCC63F /* App */ = {
			isa = PBXGroup;
			children = (
				9AFA9221289BDA4400DCC63F /* Scenes */,
				9AFA9219289BD68F00DCC63F /* Storyboard */,
			);
			path = App;
			sourceTree = "<group>";
		};
		9AFA921D289BD9BF00DCC63F /* Network */ = {
			isa = PBXGroup;
			children = (
			);
			path = Network;
			sourceTree = "<group>";
		};
		9AFA921E289BD9D200DCC63F /* Utilities */ = {
			isa = PBXGroup;
			children = (
				9ADF677628A52CBF00A1A33C /* View */,
			);
			path = Utilities;
			sourceTree = "<group>";
		};
		9AFA921F289BD9FC00DCC63F /* Resources */ = {
			isa = PBXGroup;
			children = (
			);
			path = Resources;
			sourceTree = "<group>";
		};
		9AFA9220289BDA0900DCC63F /* Support */ = {
			isa = PBXGroup;
			children = (
				9AFA920E289BBF1500DCC63F /* Assets.xcassets */,
			);
			path = Support;
			sourceTree = "<group>";
		};
		9AFA9221289BDA4400DCC63F /* Scenes */ = {
			isa = PBXGroup;
			children = (
				9AFA9225289BEC8D00DCC63F /* Menu */,
				9AFA920A289BBF1300DCC63F /* BestNews_SwiftUIApp.swift */,
				9AFA920C289BBF1300DCC63F /* ContentView.swift */,
			);
			path = Scenes;
			sourceTree = "<group>";
		};
		9AFA9225289BEC8D00DCC63F /* Menu */ = {
			isa = PBXGroup;
			children = (
				9AFA9226289BEC9C00DCC63F /* Sidebar */,
			);
			path = Menu;
			sourceTree = "<group>";
		};
		9AFA9226289BEC9C00DCC63F /* Sidebar */ = {
			isa = PBXGroup;
			children = (
				9ADF677128A4EBB000A1A33C /* Sidebar.swift */,
			);
			path = Sidebar;
			sourceTree = "<group>";
		};
		B992D073792FCFCE6138BD9A /* Frameworks */ = {
			isa = PBXGroup;
			children = (
				1D2CBE26E704DA09826405D1 /* Pods_BestNews_SwiftUI.framework */,
			);
			name = Frameworks;
			sourceTree = "<group>";
		};
/* End PBXGroup section */

/* Begin PBXNativeTarget section */
		9AFA9206289BBF1300DCC63F /* BestNews-SwiftUI */ = {
			isa = PBXNativeTarget;
			buildConfigurationList = 9AFA9215289BBF1500DCC63F /* Build configuration list for PBXNativeTarget "BestNews-SwiftUI" */;
			buildPhases = (
				DCC34922415669AC676F57AC /* [CP] Check Pods Manifest.lock */,
				9AFA9203289BBF1300DCC63F /* Sources */,
				9AFA9204289BBF1300DCC63F /* Frameworks */,
				9AFA9205289BBF1300DCC63F /* Resources */,
			);
			buildRules = (
			);
			dependencies = (
			);
			name = "BestNews-SwiftUI";
			packageProductDependencies = (
				9AFA9223289BDAFA00DCC63F /* Alamofire */,
			);
			productName = "BestNews-SwiftUI";
			productReference = 9AFA9207289BBF1300DCC63F /* BestNews-SwiftUI.app */;
			productType = "com.apple.product-type.application";
		};
/* End PBXNativeTarget section */

/* Begin PBXProject section */
		9AFA91FF289BBF1300DCC63F /* Project object */ = {
			isa = PBXProject;
			attributes = {
				BuildIndependentTargetsInParallel = 1;
				LastSwiftUpdateCheck = 1330;
				LastUpgradeCheck = 1330;
				TargetAttributes = {
					9AFA9206289BBF1300DCC63F = {
						CreatedOnToolsVersion = 13.3.1;
					};
				};
			};
			buildConfigurationList = 9AFA9202289BBF1300DCC63F /* Build configuration list for PBXProject "BestNews-SwiftUI" */;
			compatibilityVersion = "Xcode 13.0";
			developmentRegion = en;
			hasScannedForEncodings = 0;
			knownRegions = (
				en,
				Base,
			);
			mainGroup = 9AFA91FE289BBF1300DCC63F;
			packageReferences = (
				9AFA9222289BDAFA00DCC63F /* XCRemoteSwiftPackageReference "Alamofire" */,
			);
			productRefGroup = 9AFA9208289BBF1300DCC63F /* Products */;
			projectDirPath = "";
			projectRoot = "";
			targets = (
				9AFA9206289BBF1300DCC63F /* BestNews-SwiftUI */,
			);
		};
/* End PBXProject section */

/* Begin PBXResourcesBuildPhase section */
		9AFA9205289BBF1300DCC63F /* Resources */ = {
			isa = PBXResourcesBuildPhase;
			buildActionMask = 2147483647;
			files = (
				9AFA921B289BD6B300DCC63F /* LaunchScreen.storyboard in Resources */,
				9AFA9212289BBF1500DCC63F /* Preview Assets.xcassets in Resources */,
				9AFA920F289BBF1500DCC63F /* Assets.xcassets in Resources */,
			);
			runOnlyForDeploymentPostprocessing = 0;
		};
/* End PBXResourcesBuildPhase section */

/* Begin PBXShellScriptBuildPhase section */
		DCC34922415669AC676F57AC /* [CP] Check Pods Manifest.lock */ = {
			isa = PBXShellScriptBuildPhase;
			buildActionMask = 2147483647;
			files = (
			);
			inputFileListPaths = (
			);
			inputPaths = (
				"${PODS_PODFILE_DIR_PATH}/Podfile.lock",
				"${PODS_ROOT}/Manifest.lock",
			);
			name = "[CP] Check Pods Manifest.lock";
			outputFileListPaths = (
			);
			outputPaths = (
				"$(DERIVED_FILE_DIR)/Pods-BestNews-SwiftUI-checkManifestLockResult.txt",
			);
			runOnlyForDeploymentPostprocessing = 0;
			shellPath = /bin/sh;
			shellScript = "diff \"${PODS_PODFILE_DIR_PATH}/Podfile.lock\" \"${PODS_ROOT}/Manifest.lock\" > /dev/null\nif [ $? != 0 ] ; then\n    # print error to STDERR\n    echo \"error: The sandbox is not in sync with the Podfile.lock. Run 'pod install' or update your CocoaPods installation.\" >&2\n    exit 1\nfi\n# This output is used by Xcode 'outputs' to avoid re-running this script phase.\necho \"SUCCESS\" > \"${SCRIPT_OUTPUT_FILE_0}\"\n";
			showEnvVarsInLog = 0;
		};
/* End PBXShellScriptBuildPhase section */

/* Begin PBXSourcesBuildPhase section */
		9AFA9203289BBF1300DCC63F /* Sources */ = {
			isa = PBXSourcesBuildPhase;
			buildActionMask = 2147483647;
			files = (
				9AFA920D289BBF1300DCC63F /* ContentView.swift in Sources */,
				9AFA920B289BBF1300DCC63F /* BestNews_SwiftUIApp.swift in Sources */,
				9ADF677228A4EBB000A1A33C /* Sidebar.swift in Sources */,
				9ADF677928A52CD000A1A33C /* ColorExtension.swift in Sources */,
			);
			runOnlyForDeploymentPostprocessing = 0;
		};
/* End PBXSourcesBuildPhase section */

/* Begin XCBuildConfiguration section */
		9AFA9213289BBF1500DCC63F /* Debug */ = {
			isa = XCBuildConfiguration;
			buildSettings = {
				ALWAYS_SEARCH_USER_PATHS = NO;
				CLANG_ANALYZER_NONNULL = YES;
				CLANG_ANALYZER_NUMBER_OBJECT_CONVERSION = YES_AGGRESSIVE;
				CLANG_CXX_LANGUAGE_STANDARD = "gnu++17";
				CLANG_ENABLE_MODULES = YES;
				CLANG_ENABLE_OBJC_ARC = YES;
				CLANG_ENABLE_OBJC_WEAK = YES;
				CLANG_WARN_BLOCK_CAPTURE_AUTORELEASING = YES;
				CLANG_WARN_BOOL_CONVERSION = YES;
				CLANG_WARN_COMMA = YES;
				CLANG_WARN_CONSTANT_CONVERSION = YES;
				CLANG_WARN_DEPRECATED_OBJC_IMPLEMENTATIONS = YES;
				CLANG_WARN_DIRECT_OBJC_ISA_USAGE = YES_ERROR;
				CLANG_WARN_DOCUMENTATION_COMMENTS = YES;
				CLANG_WARN_EMPTY_BODY = YES;
				CLANG_WARN_ENUM_CONVERSION = YES;
				CLANG_WARN_INFINITE_RECURSION = YES;
				CLANG_WARN_INT_CONVERSION = YES;
				CLANG_WARN_NON_LITERAL_NULL_CONVERSION = YES;
				CLANG_WARN_OBJC_IMPLICIT_RETAIN_SELF = YES;
				CLANG_WARN_OBJC_LITERAL_CONVERSION = YES;
				CLANG_WARN_OBJC_ROOT_CLASS = YES_ERROR;
				CLANG_WARN_QUOTED_INCLUDE_IN_FRAMEWORK_HEADER = YES;
				CLANG_WARN_RANGE_LOOP_ANALYSIS = YES;
				CLANG_WARN_STRICT_PROTOTYPES = YES;
				CLANG_WARN_SUSPICIOUS_MOVE = YES;
				CLANG_WARN_UNGUARDED_AVAILABILITY = YES_AGGRESSIVE;
				CLANG_WARN_UNREACHABLE_CODE = YES;
				CLANG_WARN__DUPLICATE_METHOD_MATCH = YES;
				COPY_PHASE_STRIP = NO;
				DEBUG_INFORMATION_FORMAT = dwarf;
				ENABLE_STRICT_OBJC_MSGSEND = YES;
				ENABLE_TESTABILITY = YES;
				GCC_C_LANGUAGE_STANDARD = gnu11;
				GCC_DYNAMIC_NO_PIC = NO;
				GCC_NO_COMMON_BLOCKS = YES;
				GCC_OPTIMIZATION_LEVEL = 0;
				GCC_PREPROCESSOR_DEFINITIONS = (
					"DEBUG=1",
					"$(inherited)",
				);
				GCC_WARN_64_TO_32_BIT_CONVERSION = YES;
				GCC_WARN_ABOUT_RETURN_TYPE = YES_ERROR;
				GCC_WARN_UNDECLARED_SELECTOR = YES;
				GCC_WARN_UNINITIALIZED_AUTOS = YES_AGGRESSIVE;
				GCC_WARN_UNUSED_FUNCTION = YES;
				GCC_WARN_UNUSED_VARIABLE = YES;
				IPHONEOS_DEPLOYMENT_TARGET = 15.4;
				MTL_ENABLE_DEBUG_INFO = INCLUDE_SOURCE;
				MTL_FAST_MATH = YES;
				ONLY_ACTIVE_ARCH = YES;
				SDKROOT = iphoneos;
				SWIFT_ACTIVE_COMPILATION_CONDITIONS = DEBUG;
				SWIFT_OPTIMIZATION_LEVEL = "-Onone";
			};
			name = Debug;
		};
		9AFA9214289BBF1500DCC63F /* Release */ = {
			isa = XCBuildConfiguration;
			buildSettings = {
				ALWAYS_SEARCH_USER_PATHS = NO;
				CLANG_ANALYZER_NONNULL = YES;
				CLANG_ANALYZER_NUMBER_OBJECT_CONVERSION = YES_AGGRESSIVE;
				CLANG_CXX_LANGUAGE_STANDARD = "gnu++17";
				CLANG_ENABLE_MODULES = YES;
				CLANG_ENABLE_OBJC_ARC = YES;
				CLANG_ENABLE_OBJC_WEAK = YES;
				CLANG_WARN_BLOCK_CAPTURE_AUTORELEASING = YES;
				CLANG_WARN_BOOL_CONVERSION = YES;
				CLANG_WARN_COMMA = YES;
				CLANG_WARN_CONSTANT_CONVERSION = YES;
				CLANG_WARN_DEPRECATED_OBJC_IMPLEMENTATIONS = YES;
				CLANG_WARN_DIRECT_OBJC_ISA_USAGE = YES_ERROR;
				CLANG_WARN_DOCUMENTATION_COMMENTS = YES;
				CLANG_WARN_EMPTY_BODY = YES;
				CLANG_WARN_ENUM_CONVERSION = YES;
				CLANG_WARN_INFINITE_RECURSION = YES;
				CLANG_WARN_INT_CONVERSION = YES;
				CLANG_WARN_NON_LITERAL_NULL_CONVERSION = YES;
				CLANG_WARN_OBJC_IMPLICIT_RETAIN_SELF = YES;
				CLANG_WARN_OBJC_LITERAL_CONVERSION = YES;
				CLANG_WARN_OBJC_ROOT_CLASS = YES_ERROR;
				CLANG_WARN_QUOTED_INCLUDE_IN_FRAMEWORK_HEADER = YES;
				CLANG_WARN_RANGE_LOOP_ANALYSIS = YES;
				CLANG_WARN_STRICT_PROTOTYPES = YES;
				CLANG_WARN_SUSPICIOUS_MOVE = YES;
				CLANG_WARN_UNGUARDED_AVAILABILITY = YES_AGGRESSIVE;
				CLANG_WARN_UNREACHABLE_CODE = YES;
				CLANG_WARN__DUPLICATE_METHOD_MATCH = YES;
				COPY_PHASE_STRIP = NO;
				DEBUG_INFORMATION_FORMAT = "dwarf-with-dsym";
				ENABLE_NS_ASSERTIONS = NO;
				ENABLE_STRICT_OBJC_MSGSEND = YES;
				GCC_C_LANGUAGE_STANDARD = gnu11;
				GCC_NO_COMMON_BLOCKS = YES;
				GCC_WARN_64_TO_32_BIT_CONVERSION = YES;
				GCC_WARN_ABOUT_RETURN_TYPE = YES_ERROR;
				GCC_WARN_UNDECLARED_SELECTOR = YES;
				GCC_WARN_UNINITIALIZED_AUTOS = YES_AGGRESSIVE;
				GCC_WARN_UNUSED_FUNCTION = YES;
				GCC_WARN_UNUSED_VARIABLE = YES;
				IPHONEOS_DEPLOYMENT_TARGET = 15.4;
				MTL_ENABLE_DEBUG_INFO = NO;
				MTL_FAST_MATH = YES;
				SDKROOT = iphoneos;
				SWIFT_COMPILATION_MODE = wholemodule;
				SWIFT_OPTIMIZATION_LEVEL = "-O";
				VALIDATE_PRODUCT = YES;
			};
			name = Release;
		};
		9AFA9216289BBF1500DCC63F /* Debug */ = {
			isa = XCBuildConfiguration;
			baseConfigurationReference = E8E692E20CCB891000A8C889 /* Pods-BestNews-SwiftUI.debug.xcconfig */;
			buildSettings = {
				ASSETCATALOG_COMPILER_APPICON_NAME = AppIcon;
				ASSETCATALOG_COMPILER_GLOBAL_ACCENT_COLOR_NAME = AccentColor;
				CODE_SIGN_STYLE = Automatic;
				CURRENT_PROJECT_VERSION = 1;
				DEVELOPMENT_ASSET_PATHS = "\"BestNews-SwiftUI/Preview Content\"";
				DEVELOPMENT_TEAM = S923WF24UX;
				ENABLE_PREVIEWS = YES;
				GENERATE_INFOPLIST_FILE = YES;
				INFOPLIST_KEY_UIApplicationSceneManifest_Generation = YES;
				INFOPLIST_KEY_UIApplicationSupportsIndirectInputEvents = YES;
				INFOPLIST_KEY_UILaunchStoryboardName = LaunchScreen;
				INFOPLIST_KEY_UISupportedInterfaceOrientations_iPad = "UIInterfaceOrientationPortrait UIInterfaceOrientationPortraitUpsideDown UIInterfaceOrientationLandscapeLeft UIInterfaceOrientationLandscapeRight";
				INFOPLIST_KEY_UISupportedInterfaceOrientations_iPhone = "UIInterfaceOrientationPortrait UIInterfaceOrientationLandscapeLeft UIInterfaceOrientationLandscapeRight";
				LD_RUNPATH_SEARCH_PATHS = (
					"$(inherited)",
					"@executable_path/Frameworks",
				);
				MARKETING_VERSION = 1.0;
				PRODUCT_BUNDLE_IDENTIFIER = "com.tugrulhan.BestNews-SwiftUI";
				PRODUCT_NAME = "$(TARGET_NAME)";
				SWIFT_EMIT_LOC_STRINGS = YES;
				SWIFT_VERSION = 5.0;
				TARGETED_DEVICE_FAMILY = "1,2";
			};
			name = Debug;
		};
		9AFA9217289BBF1500DCC63F /* Release */ = {
			isa = XCBuildConfiguration;
			baseConfigurationReference = 969D42CAF8D0DDA6F8DBA1C6 /* Pods-BestNews-SwiftUI.release.xcconfig */;
			buildSettings = {
				ASSETCATALOG_COMPILER_APPICON_NAME = AppIcon;
				ASSETCATALOG_COMPILER_GLOBAL_ACCENT_COLOR_NAME = AccentColor;
				CODE_SIGN_STYLE = Automatic;
				CURRENT_PROJECT_VERSION = 1;
				DEVELOPMENT_ASSET_PATHS = "\"BestNews-SwiftUI/Preview Content\"";
				DEVELOPMENT_TEAM = S923WF24UX;
				ENABLE_PREVIEWS = YES;
				GENERATE_INFOPLIST_FILE = YES;
				INFOPLIST_KEY_UIApplicationSceneManifest_Generation = YES;
				INFOPLIST_KEY_UIApplicationSupportsIndirectInputEvents = YES;
				INFOPLIST_KEY_UILaunchStoryboardName = LaunchScreen;
				INFOPLIST_KEY_UISupportedInterfaceOrientations_iPad = "UIInterfaceOrientationPortrait UIInterfaceOrientationPortraitUpsideDown UIInterfaceOrientationLandscapeLeft UIInterfaceOrientationLandscapeRight";
				INFOPLIST_KEY_UISupportedInterfaceOrientations_iPhone = "UIInterfaceOrientationPortrait UIInterfaceOrientationLandscapeLeft UIInterfaceOrientationLandscapeRight";
				LD_RUNPATH_SEARCH_PATHS = (
					"$(inherited)",
					"@executable_path/Frameworks",
				);
				MARKETING_VERSION = 1.0;
				PRODUCT_BUNDLE_IDENTIFIER = "com.tugrulhan.BestNews-SwiftUI";
				PRODUCT_NAME = "$(TARGET_NAME)";
				SWIFT_EMIT_LOC_STRINGS = YES;
				SWIFT_VERSION = 5.0;
				TARGETED_DEVICE_FAMILY = "1,2";
			};
			name = Release;
		};
/* End XCBuildConfiguration section */

/* Begin XCConfigurationList section */
		9AFA9202289BBF1300DCC63F /* Build configuration list for PBXProject "BestNews-SwiftUI" */ = {
			isa = XCConfigurationList;
			buildConfigurations = (
				9AFA9213289BBF1500DCC63F /* Debug */,
				9AFA9214289BBF1500DCC63F /* Release */,
			);
			defaultConfigurationIsVisible = 0;
			defaultConfigurationName = Release;
		};
		9AFA9215289BBF1500DCC63F /* Build configuration list for PBXNativeTarget "BestNews-SwiftUI" */ = {
			isa = XCConfigurationList;
			buildConfigurations = (
				9AFA9216289BBF1500DCC63F /* Debug */,
				9AFA9217289BBF1500DCC63F /* Release */,
			);
			defaultConfigurationIsVisible = 0;
			defaultConfigurationName = Release;
		};
/* End XCConfigurationList section */

/* Begin XCRemoteSwiftPackageReference section */
		9AFA9222289BDAFA00DCC63F /* XCRemoteSwiftPackageReference "Alamofire" */ = {
			isa = XCRemoteSwiftPackageReference;
			repositoryURL = "https://github.com/Alamofire/Alamofire";
			requirement = {
				kind = upToNextMinorVersion;
				minimumVersion = 5.6.0;
			};
		};
/* End XCRemoteSwiftPackageReference section */

/* Begin XCSwiftPackageProductDependency section */
		9AFA9223289BDAFA00DCC63F /* Alamofire */ = {
			isa = XCSwiftPackageProductDependency;
			package = 9AFA9222289BDAFA00DCC63F /* XCRemoteSwiftPackageReference "Alamofire" */;
			productName = Alamofire;
		};
/* End XCSwiftPackageProductDependency section */
	};
	rootObject = 9AFA91FF289BBF1300DCC63F /* Project object */;
}
